// !$*UTF8*$!
{
	archiveVersion = 1;
	classes = {
	};
	objectVersion = 56;
	objects = {

/* Begin PBXBuildFile section */
		4910BB0A298BDEBB0053B3BF /* KeyValueDBRepository.swift in Sources */ = {isa = PBXBuildFile; fileRef = 4910BB09298BDEBB0053B3BF /* KeyValueDBRepository.swift */; };
		4910BB0C298BDFAD0053B3BF /* ContentViewModelTests.swift in Sources */ = {isa = PBXBuildFile; fileRef = 4910BB0B298BDFAD0053B3BF /* ContentViewModelTests.swift */; };
		4910BB11298BE01C0053B3BF /* KeyValueTransactionsServiceMock.swift in Sources */ = {isa = PBXBuildFile; fileRef = 4910BB10298BE01C0053B3BF /* KeyValueTransactionsServiceMock.swift */; };
		495F0E4E298AF6A700DBCCD7 /* KeyValueStoreApp.swift in Sources */ = {isa = PBXBuildFile; fileRef = 495F0E4D298AF6A700DBCCD7 /* KeyValueStoreApp.swift */; };
		495F0E50298AF6A700DBCCD7 /* ContentView.swift in Sources */ = {isa = PBXBuildFile; fileRef = 495F0E4F298AF6A700DBCCD7 /* ContentView.swift */; };
		495F0E52298AF6A900DBCCD7 /* Assets.xcassets in Resources */ = {isa = PBXBuildFile; fileRef = 495F0E51298AF6A900DBCCD7 /* Assets.xcassets */; };
		495F0E55298AF6A900DBCCD7 /* Preview Assets.xcassets in Resources */ = {isa = PBXBuildFile; fileRef = 495F0E54298AF6A900DBCCD7 /* Preview Assets.xcassets */; };
		495F0E69298AF6A900DBCCD7 /* KeyValueStoreUITests.swift in Sources */ = {isa = PBXBuildFile; fileRef = 495F0E68298AF6A900DBCCD7 /* KeyValueStoreUITests.swift */; };
		495F0E6B298AF6A900DBCCD7 /* KeyValueStoreUITestsLaunchTests.swift in Sources */ = {isa = PBXBuildFile; fileRef = 495F0E6A298AF6A900DBCCD7 /* KeyValueStoreUITestsLaunchTests.swift */; };
		495F0E7A298B033800DBCCD7 /* KeyValueMemoryRepository.swift in Sources */ = {isa = PBXBuildFile; fileRef = 495F0E79298B033800DBCCD7 /* KeyValueMemoryRepository.swift */; };
		495F0E7C298B034600DBCCD7 /* KeyValueRepository.swift in Sources */ = {isa = PBXBuildFile; fileRef = 495F0E7B298B034600DBCCD7 /* KeyValueRepository.swift */; };
		495F0E7F298B03E800DBCCD7 /* ContentViewModel.swift in Sources */ = {isa = PBXBuildFile; fileRef = 495F0E7E298B03E800DBCCD7 /* ContentViewModel.swift */; };
		495F0E82298B0B2100DBCCD7 /* Command.swift in Sources */ = {isa = PBXBuildFile; fileRef = 495F0E81298B0B2100DBCCD7 /* Command.swift */; };
		495F0E84298B0BF300DBCCD7 /* KeyValueTransactionsService.swift in Sources */ = {isa = PBXBuildFile; fileRef = 495F0E83298B0BF300DBCCD7 /* KeyValueTransactionsService.swift */; };
		495F0E86298B143F00DBCCD7 /* Transaction.swift in Sources */ = {isa = PBXBuildFile; fileRef = 495F0E85298B143F00DBCCD7 /* Transaction.swift */; };
		495F0E88298B15D500DBCCD7 /* KeyValueMemoryRepositoryTests.swift in Sources */ = {isa = PBXBuildFile; fileRef = 495F0E87298B15D500DBCCD7 /* KeyValueMemoryRepositoryTests.swift */; };
		495F0E8A298BA5DC00DBCCD7 /* DictionaryThreadSafe.swift in Sources */ = {isa = PBXBuildFile; fileRef = 495F0E89298BA5DC00DBCCD7 /* DictionaryThreadSafe.swift */; };
		495F0E8C298BA78800DBCCD7 /* KeyValueTransactionService.swift in Sources */ = {isa = PBXBuildFile; fileRef = 495F0E8B298BA78800DBCCD7 /* KeyValueTransactionService.swift */; };
		495F0E8F298BA89C00DBCCD7 /* SequenceExtension.swift in Sources */ = {isa = PBXBuildFile; fileRef = 495F0E8E298BA89C00DBCCD7 /* SequenceExtension.swift */; };
		495F0E91298BBFE900DBCCD7 /* KeyValueTransactionsServiceTests.swift in Sources */ = {isa = PBXBuildFile; fileRef = 495F0E90298BBFE900DBCCD7 /* KeyValueTransactionsServiceTests.swift */; };
/* End PBXBuildFile section */

/* Begin PBXContainerItemProxy section */
		495F0E5B298AF6A900DBCCD7 /* PBXContainerItemProxy */ = {
			isa = PBXContainerItemProxy;
			containerPortal = 495F0E42298AF6A700DBCCD7 /* Project object */;
			proxyType = 1;
			remoteGlobalIDString = 495F0E49298AF6A700DBCCD7;
			remoteInfo = KeyValueStore;
		};
		495F0E65298AF6A900DBCCD7 /* PBXContainerItemProxy */ = {
			isa = PBXContainerItemProxy;
			containerPortal = 495F0E42298AF6A700DBCCD7 /* Project object */;
			proxyType = 1;
			remoteGlobalIDString = 495F0E49298AF6A700DBCCD7;
			remoteInfo = KeyValueStore;
		};
/* End PBXContainerItemProxy section */

/* Begin PBXFileReference section */
		4910BB09298BDEBB0053B3BF /* KeyValueDBRepository.swift */ = {isa = PBXFileReference; lastKnownFileType = sourcecode.swift; path = KeyValueDBRepository.swift; sourceTree = "<group>"; };
		4910BB0B298BDFAD0053B3BF /* ContentViewModelTests.swift */ = {isa = PBXFileReference; lastKnownFileType = sourcecode.swift; path = ContentViewModelTests.swift; sourceTree = "<group>"; };
		4910BB10298BE01C0053B3BF /* KeyValueTransactionsServiceMock.swift */ = {isa = PBXFileReference; lastKnownFileType = sourcecode.swift; path = KeyValueTransactionsServiceMock.swift; sourceTree = "<group>"; };
		495F0E4A298AF6A700DBCCD7 /* KeyValueStore.app */ = {isa = PBXFileReference; explicitFileType = wrapper.application; includeInIndex = 0; path = KeyValueStore.app; sourceTree = BUILT_PRODUCTS_DIR; };
		495F0E4D298AF6A700DBCCD7 /* KeyValueStoreApp.swift */ = {isa = PBXFileReference; lastKnownFileType = sourcecode.swift; path = KeyValueStoreApp.swift; sourceTree = "<group>"; };
		495F0E4F298AF6A700DBCCD7 /* ContentView.swift */ = {isa = PBXFileReference; lastKnownFileType = sourcecode.swift; path = ContentView.swift; sourceTree = "<group>"; };
		495F0E51298AF6A900DBCCD7 /* Assets.xcassets */ = {isa = PBXFileReference; lastKnownFileType = folder.assetcatalog; path = Assets.xcassets; sourceTree = "<group>"; };
		495F0E54298AF6A900DBCCD7 /* Preview Assets.xcassets */ = {isa = PBXFileReference; lastKnownFileType = folder.assetcatalog; path = "Preview Assets.xcassets"; sourceTree = "<group>"; };
		495F0E5A298AF6A900DBCCD7 /* KeyValueStoreTests.xctest */ = {isa = PBXFileReference; explicitFileType = wrapper.cfbundle; includeInIndex = 0; path = KeyValueStoreTests.xctest; sourceTree = BUILT_PRODUCTS_DIR; };
		495F0E64298AF6A900DBCCD7 /* KeyValueStoreUITests.xctest */ = {isa = PBXFileReference; explicitFileType = wrapper.cfbundle; includeInIndex = 0; path = KeyValueStoreUITests.xctest; sourceTree = BUILT_PRODUCTS_DIR; };
		495F0E68298AF6A900DBCCD7 /* KeyValueStoreUITests.swift */ = {isa = PBXFileReference; lastKnownFileType = sourcecode.swift; path = KeyValueStoreUITests.swift; sourceTree = "<group>"; };
		495F0E6A298AF6A900DBCCD7 /* KeyValueStoreUITestsLaunchTests.swift */ = {isa = PBXFileReference; lastKnownFileType = sourcecode.swift; path = KeyValueStoreUITestsLaunchTests.swift; sourceTree = "<group>"; };
		495F0E79298B033800DBCCD7 /* KeyValueMemoryRepository.swift */ = {isa = PBXFileReference; lastKnownFileType = sourcecode.swift; path = KeyValueMemoryRepository.swift; sourceTree = "<group>"; };
		495F0E7B298B034600DBCCD7 /* KeyValueRepository.swift */ = {isa = PBXFileReference; lastKnownFileType = sourcecode.swift; path = KeyValueRepository.swift; sourceTree = "<group>"; };
		495F0E7E298B03E800DBCCD7 /* ContentViewModel.swift */ = {isa = PBXFileReference; lastKnownFileType = sourcecode.swift; path = ContentViewModel.swift; sourceTree = "<group>"; };
		495F0E81298B0B2100DBCCD7 /* Command.swift */ = {isa = PBXFileReference; lastKnownFileType = sourcecode.swift; path = Command.swift; sourceTree = "<group>"; };
		495F0E83298B0BF300DBCCD7 /* KeyValueTransactionsService.swift */ = {isa = PBXFileReference; lastKnownFileType = sourcecode.swift; path = KeyValueTransactionsService.swift; sourceTree = "<group>"; };
		495F0E85298B143F00DBCCD7 /* Transaction.swift */ = {isa = PBXFileReference; lastKnownFileType = sourcecode.swift; path = Transaction.swift; sourceTree = "<group>"; };
		495F0E87298B15D500DBCCD7 /* KeyValueMemoryRepositoryTests.swift */ = {isa = PBXFileReference; lastKnownFileType = sourcecode.swift; path = KeyValueMemoryRepositoryTests.swift; sourceTree = "<group>"; };
		495F0E89298BA5DC00DBCCD7 /* DictionaryThreadSafe.swift */ = {isa = PBXFileReference; lastKnownFileType = sourcecode.swift; path = DictionaryThreadSafe.swift; sourceTree = "<group>"; };
		495F0E8B298BA78800DBCCD7 /* KeyValueTransactionService.swift */ = {isa = PBXFileReference; lastKnownFileType = sourcecode.swift; path = KeyValueTransactionService.swift; sourceTree = "<group>"; };
		495F0E8E298BA89C00DBCCD7 /* SequenceExtension.swift */ = {isa = PBXFileReference; lastKnownFileType = sourcecode.swift; path = SequenceExtension.swift; sourceTree = "<group>"; };
		495F0E90298BBFE900DBCCD7 /* KeyValueTransactionsServiceTests.swift */ = {isa = PBXFileReference; lastKnownFileType = sourcecode.swift; path = KeyValueTransactionsServiceTests.swift; sourceTree = "<group>"; };
/* End PBXFileReference section */

/* Begin PBXFrameworksBuildPhase section */
		495F0E47298AF6A700DBCCD7 /* Frameworks */ = {
			isa = PBXFrameworksBuildPhase;
			buildActionMask = 2147483647;
			files = (
			);
			runOnlyForDeploymentPostprocessing = 0;
		};
		495F0E57298AF6A900DBCCD7 /* Frameworks */ = {
			isa = PBXFrameworksBuildPhase;
			buildActionMask = 2147483647;
			files = (
			);
			runOnlyForDeploymentPostprocessing = 0;
		};
		495F0E61298AF6A900DBCCD7 /* Frameworks */ = {
			isa = PBXFrameworksBuildPhase;
			buildActionMask = 2147483647;
			files = (
			);
			runOnlyForDeploymentPostprocessing = 0;
		};
/* End PBXFrameworksBuildPhase section */

/* Begin PBXGroup section */
		4910BB0D298BDFD40053B3BF /* ViewModels */ = {
			isa = PBXGroup;
			children = (
				4910BB0B298BDFAD0053B3BF /* ContentViewModelTests.swift */,
				4910BB10298BE01C0053B3BF /* KeyValueTransactionsServiceMock.swift */,
			);
			path = ViewModels;
			sourceTree = "<group>";
		};
		4910BB0E298BDFE40053B3BF /* Repositories */ = {
			isa = PBXGroup;
			children = (
				495F0E87298B15D500DBCCD7 /* KeyValueMemoryRepositoryTests.swift */,
			);
			path = Repositories;
			sourceTree = "<group>";
		};
		4910BB0F298BDFF00053B3BF /* Services */ = {
			isa = PBXGroup;
			children = (
				495F0E90298BBFE900DBCCD7 /* KeyValueTransactionsServiceTests.swift */,
			);
			path = Services;
			sourceTree = "<group>";
		};
		495F0E41298AF6A700DBCCD7 = {
			isa = PBXGroup;
			children = (
				495F0E4C298AF6A700DBCCD7 /* KeyValueStore */,
				495F0E5D298AF6A900DBCCD7 /* KeyValueStoreTests */,
				495F0E67298AF6A900DBCCD7 /* KeyValueStoreUITests */,
				495F0E4B298AF6A700DBCCD7 /* Products */,
			);
			sourceTree = "<group>";
		};
		495F0E4B298AF6A700DBCCD7 /* Products */ = {
			isa = PBXGroup;
			children = (
				495F0E4A298AF6A700DBCCD7 /* KeyValueStore.app */,
				495F0E5A298AF6A900DBCCD7 /* KeyValueStoreTests.xctest */,
				495F0E64298AF6A900DBCCD7 /* KeyValueStoreUITests.xctest */,
			);
			name = Products;
			sourceTree = "<group>";
		};
		495F0E4C298AF6A700DBCCD7 /* KeyValueStore */ = {
			isa = PBXGroup;
			children = (
				495F0E8D298BA88600DBCCD7 /* Utils */,
				495F0E80298B0AF100DBCCD7 /* Models */,
				495F0E7D298B03BC00DBCCD7 /* Services */,
				495F0E78298B028700DBCCD7 /* Repositories */,
				495F0E77298AF80300DBCCD7 /* UI */,
				495F0E4D298AF6A700DBCCD7 /* KeyValueStoreApp.swift */,
				495F0E51298AF6A900DBCCD7 /* Assets.xcassets */,
				495F0E53298AF6A900DBCCD7 /* Preview Content */,
			);
			path = KeyValueStore;
			sourceTree = "<group>";
		};
		495F0E53298AF6A900DBCCD7 /* Preview Content */ = {
			isa = PBXGroup;
			children = (
				495F0E54298AF6A900DBCCD7 /* Preview Assets.xcassets */,
			);
			path = "Preview Content";
			sourceTree = "<group>";
		};
		495F0E5D298AF6A900DBCCD7 /* KeyValueStoreTests */ = {
			isa = PBXGroup;
			children = (
				4910BB0F298BDFF00053B3BF /* Services */,
				4910BB0E298BDFE40053B3BF /* Repositories */,
				4910BB0D298BDFD40053B3BF /* ViewModels */,
			);
			path = KeyValueStoreTests;
			sourceTree = "<group>";
		};
		495F0E67298AF6A900DBCCD7 /* KeyValueStoreUITests */ = {
			isa = PBXGroup;
			children = (
				495F0E68298AF6A900DBCCD7 /* KeyValueStoreUITests.swift */,
				495F0E6A298AF6A900DBCCD7 /* KeyValueStoreUITestsLaunchTests.swift */,
			);
			path = KeyValueStoreUITests;
			sourceTree = "<group>";
		};
		495F0E77298AF80300DBCCD7 /* UI */ = {
			isa = PBXGroup;
			children = (
				495F0E4F298AF6A700DBCCD7 /* ContentView.swift */,
				495F0E7E298B03E800DBCCD7 /* ContentViewModel.swift */,
			);
			path = UI;
			sourceTree = "<group>";
		};
		495F0E78298B028700DBCCD7 /* Repositories */ = {
			isa = PBXGroup;
			children = (
				495F0E79298B033800DBCCD7 /* KeyValueMemoryRepository.swift */,
				495F0E7B298B034600DBCCD7 /* KeyValueRepository.swift */,
				495F0E89298BA5DC00DBCCD7 /* DictionaryThreadSafe.swift */,
				4910BB09298BDEBB0053B3BF /* KeyValueDBRepository.swift */,
			);
			path = Repositories;
			sourceTree = "<group>";
		};
		495F0E7D298B03BC00DBCCD7 /* Services */ = {
			isa = PBXGroup;
			children = (
				495F0E83298B0BF300DBCCD7 /* KeyValueTransactionsService.swift */,
				495F0E8B298BA78800DBCCD7 /* KeyValueTransactionService.swift */,
			);
			path = Services;
			sourceTree = "<group>";
		};
		495F0E80298B0AF100DBCCD7 /* Models */ = {
			isa = PBXGroup;
			children = (
				495F0E81298B0B2100DBCCD7 /* Command.swift */,
				495F0E85298B143F00DBCCD7 /* Transaction.swift */,
			);
			path = Models;
			sourceTree = "<group>";
		};
		495F0E8D298BA88600DBCCD7 /* Utils */ = {
			isa = PBXGroup;
			children = (
				495F0E8E298BA89C00DBCCD7 /* SequenceExtension.swift */,
			);
			path = Utils;
			sourceTree = "<group>";
		};
/* End PBXGroup section */

/* Begin PBXNativeTarget section */
		495F0E49298AF6A700DBCCD7 /* KeyValueStore */ = {
			isa = PBXNativeTarget;
			buildConfigurationList = 495F0E6E298AF6A900DBCCD7 /* Build configuration list for PBXNativeTarget "KeyValueStore" */;
			buildPhases = (
				495F0E46298AF6A700DBCCD7 /* Sources */,
				495F0E47298AF6A700DBCCD7 /* Frameworks */,
				495F0E48298AF6A700DBCCD7 /* Resources */,
			);
			buildRules = (
			);
			dependencies = (
			);
			name = KeyValueStore;
			productName = KeyValueStore;
			productReference = 495F0E4A298AF6A700DBCCD7 /* KeyValueStore.app */;
			productType = "com.apple.product-type.application";
		};
		495F0E59298AF6A900DBCCD7 /* KeyValueStoreTests */ = {
			isa = PBXNativeTarget;
			buildConfigurationList = 495F0E71298AF6A900DBCCD7 /* Build configuration list for PBXNativeTarget "KeyValueStoreTests" */;
			buildPhases = (
				495F0E56298AF6A900DBCCD7 /* Sources */,
				495F0E57298AF6A900DBCCD7 /* Frameworks */,
				495F0E58298AF6A900DBCCD7 /* Resources */,
			);
			buildRules = (
			);
			dependencies = (
				495F0E5C298AF6A900DBCCD7 /* PBXTargetDependency */,
			);
			name = KeyValueStoreTests;
			productName = KeyValueStoreTests;
			productReference = 495F0E5A298AF6A900DBCCD7 /* KeyValueStoreTests.xctest */;
			productType = "com.apple.product-type.bundle.unit-test";
		};
		495F0E63298AF6A900DBCCD7 /* KeyValueStoreUITests */ = {
			isa = PBXNativeTarget;
			buildConfigurationList = 495F0E74298AF6A900DBCCD7 /* Build configuration list for PBXNativeTarget "KeyValueStoreUITests" */;
			buildPhases = (
				495F0E60298AF6A900DBCCD7 /* Sources */,
				495F0E61298AF6A900DBCCD7 /* Frameworks */,
				495F0E62298AF6A900DBCCD7 /* Resources */,
			);
			buildRules = (
			);
			dependencies = (
				495F0E66298AF6A900DBCCD7 /* PBXTargetDependency */,
			);
			name = KeyValueStoreUITests;
			productName = KeyValueStoreUITests;
			productReference = 495F0E64298AF6A900DBCCD7 /* KeyValueStoreUITests.xctest */;
			productType = "com.apple.product-type.bundle.ui-testing";
		};
/* End PBXNativeTarget section */

/* Begin PBXProject section */
		495F0E42298AF6A700DBCCD7 /* Project object */ = {
			isa = PBXProject;
			attributes = {
				BuildIndependentTargetsInParallel = 1;
				LastSwiftUpdateCheck = 1420;
				LastUpgradeCheck = 1420;
				TargetAttributes = {
					495F0E49298AF6A700DBCCD7 = {
						CreatedOnToolsVersion = 14.2;
					};
					495F0E59298AF6A900DBCCD7 = {
						CreatedOnToolsVersion = 14.2;
						TestTargetID = 495F0E49298AF6A700DBCCD7;
					};
					495F0E63298AF6A900DBCCD7 = {
						CreatedOnToolsVersion = 14.2;
						TestTargetID = 495F0E49298AF6A700DBCCD7;
					};
				};
			};
			buildConfigurationList = 495F0E45298AF6A700DBCCD7 /* Build configuration list for PBXProject "KeyValueStore" */;
			compatibilityVersion = "Xcode 14.0";
			developmentRegion = en;
			hasScannedForEncodings = 0;
			knownRegions = (
				en,
				Base,
			);
			mainGroup = 495F0E41298AF6A700DBCCD7;
			productRefGroup = 495F0E4B298AF6A700DBCCD7 /* Products */;
			projectDirPath = "";
			projectRoot = "";
			targets = (
				495F0E49298AF6A700DBCCD7 /* KeyValueStore */,
				495F0E59298AF6A900DBCCD7 /* KeyValueStoreTests */,
				495F0E63298AF6A900DBCCD7 /* KeyValueStoreUITests */,
			);
		};
/* End PBXProject section */

/* Begin PBXResourcesBuildPhase section */
		495F0E48298AF6A700DBCCD7 /* Resources */ = {
			isa = PBXResourcesBuildPhase;
			buildActionMask = 2147483647;
			files = (
				495F0E55298AF6A900DBCCD7 /* Preview Assets.xcassets in Resources */,
				495F0E52298AF6A900DBCCD7 /* Assets.xcassets in Resources */,
			);
			runOnlyForDeploymentPostprocessing = 0;
		};
		495F0E58298AF6A900DBCCD7 /* Resources */ = {
			isa = PBXResourcesBuildPhase;
			buildActionMask = 2147483647;
			files = (
			);
			runOnlyForDeploymentPostprocessing = 0;
		};
		495F0E62298AF6A900DBCCD7 /* Resources */ = {
			isa = PBXResourcesBuildPhase;
			buildActionMask = 2147483647;
			files = (
			);
			runOnlyForDeploymentPostprocessing = 0;
		};
/* End PBXResourcesBuildPhase section */

/* Begin PBXSourcesBuildPhase section */
		495F0E46298AF6A700DBCCD7 /* Sources */ = {
			isa = PBXSourcesBuildPhase;
			buildActionMask = 2147483647;
			files = (
				495F0E50298AF6A700DBCCD7 /* ContentView.swift in Sources */,
				495F0E7C298B034600DBCCD7 /* KeyValueRepository.swift in Sources */,
				495F0E8A298BA5DC00DBCCD7 /* DictionaryThreadSafe.swift in Sources */,
				495F0E8F298BA89C00DBCCD7 /* SequenceExtension.swift in Sources */,
				495F0E86298B143F00DBCCD7 /* Transaction.swift in Sources */,
				495F0E8C298BA78800DBCCD7 /* KeyValueTransactionService.swift in Sources */,
				495F0E7A298B033800DBCCD7 /* KeyValueMemoryRepository.swift in Sources */,
				495F0E84298B0BF300DBCCD7 /* KeyValueTransactionsService.swift in Sources */,
				495F0E4E298AF6A700DBCCD7 /* KeyValueStoreApp.swift in Sources */,
				4910BB0A298BDEBB0053B3BF /* KeyValueDBRepository.swift in Sources */,
				495F0E7F298B03E800DBCCD7 /* ContentViewModel.swift in Sources */,
				495F0E82298B0B2100DBCCD7 /* Command.swift in Sources */,
			);
			runOnlyForDeploymentPostprocessing = 0;
		};
		495F0E56298AF6A900DBCCD7 /* Sources */ = {
			isa = PBXSourcesBuildPhase;
			buildActionMask = 2147483647;
			files = (
				495F0E88298B15D500DBCCD7 /* KeyValueMemoryRepositoryTests.swift in Sources */,
				495F0E91298BBFE900DBCCD7 /* KeyValueTransactionsServiceTests.swift in Sources */,
				4910BB11298BE01C0053B3BF /* KeyValueTransactionsServiceMock.swift in Sources */,
				4910BB0C298BDFAD0053B3BF /* ContentViewModelTests.swift in Sources */,
			);
			runOnlyForDeploymentPostprocessing = 0;
		};
		495F0E60298AF6A900DBCCD7 /* Sources */ = {
			isa = PBXSourcesBuildPhase;
			buildActionMask = 2147483647;
			files = (
				495F0E6B298AF6A900DBCCD7 /* KeyValueStoreUITestsLaunchTests.swift in Sources */,
				495F0E69298AF6A900DBCCD7 /* KeyValueStoreUITests.swift in Sources */,
			);
			runOnlyForDeploymentPostprocessing = 0;
		};
/* End PBXSourcesBuildPhase section */

/* Begin PBXTargetDependency section */
		495F0E5C298AF6A900DBCCD7 /* PBXTargetDependency */ = {
			isa = PBXTargetDependency;
			target = 495F0E49298AF6A700DBCCD7 /* KeyValueStore */;
			targetProxy = 495F0E5B298AF6A900DBCCD7 /* PBXContainerItemProxy */;
		};
		495F0E66298AF6A900DBCCD7 /* PBXTargetDependency */ = {
			isa = PBXTargetDependency;
			target = 495F0E49298AF6A700DBCCD7 /* KeyValueStore */;
			targetProxy = 495F0E65298AF6A900DBCCD7 /* PBXContainerItemProxy */;
		};
/* End PBXTargetDependency section */

/* Begin XCBuildConfiguration section */
		495F0E6C298AF6A900DBCCD7 /* Debug */ = {
			isa = XCBuildConfiguration;
			buildSettings = {
				ALWAYS_SEARCH_USER_PATHS = NO;
				CLANG_ANALYZER_NONNULL = YES;
				CLANG_ANALYZER_NUMBER_OBJECT_CONVERSION = YES_AGGRESSIVE;
				CLANG_CXX_LANGUAGE_STANDARD = "gnu++20";
				CLANG_ENABLE_MODULES = YES;
				CLANG_ENABLE_OBJC_ARC = YES;
				CLANG_ENABLE_OBJC_WEAK = YES;
				CLANG_WARN_BLOCK_CAPTURE_AUTORELEASING = YES;
				CLANG_WARN_BOOL_CONVERSION = YES;
				CLANG_WARN_COMMA = YES;
				CLANG_WARN_CONSTANT_CONVERSION = YES;
				CLANG_WARN_DEPRECATED_OBJC_IMPLEMENTATIONS = YES;
				CLANG_WARN_DIRECT_OBJC_ISA_USAGE = YES_ERROR;
				CLANG_WARN_DOCUMENTATION_COMMENTS = YES;
				CLANG_WARN_EMPTY_BODY = YES;
				CLANG_WARN_ENUM_CONVERSION = YES;
				CLANG_WARN_INFINITE_RECURSION = YES;
				CLANG_WARN_INT_CONVERSION = YES;
				CLANG_WARN_NON_LITERAL_NULL_CONVERSION = YES;
				CLANG_WARN_OBJC_IMPLICIT_RETAIN_SELF = YES;
				CLANG_WARN_OBJC_LITERAL_CONVERSION = YES;
				CLANG_WARN_OBJC_ROOT_CLASS = YES_ERROR;
				CLANG_WARN_QUOTED_INCLUDE_IN_FRAMEWORK_HEADER = YES;
				CLANG_WARN_RANGE_LOOP_ANALYSIS = YES;
				CLANG_WARN_STRICT_PROTOTYPES = YES;
				CLANG_WARN_SUSPICIOUS_MOVE = YES;
				CLANG_WARN_UNGUARDED_AVAILABILITY = YES_AGGRESSIVE;
				CLANG_WARN_UNREACHABLE_CODE = YES;
				CLANG_WARN__DUPLICATE_METHOD_MATCH = YES;
				COPY_PHASE_STRIP = NO;
				DEBUG_INFORMATION_FORMAT = dwarf;
				ENABLE_STRICT_OBJC_MSGSEND = YES;
				ENABLE_TESTABILITY = YES;
				GCC_C_LANGUAGE_STANDARD = gnu11;
				GCC_DYNAMIC_NO_PIC = NO;
				GCC_NO_COMMON_BLOCKS = YES;
				GCC_OPTIMIZATION_LEVEL = 0;
				GCC_PREPROCESSOR_DEFINITIONS = (
					"DEBUG=1",
					"$(inherited)",
				);
				GCC_WARN_64_TO_32_BIT_CONVERSION = YES;
				GCC_WARN_ABOUT_RETURN_TYPE = YES_ERROR;
				GCC_WARN_UNDECLARED_SELECTOR = YES;
				GCC_WARN_UNINITIALIZED_AUTOS = YES_AGGRESSIVE;
				GCC_WARN_UNUSED_FUNCTION = YES;
				GCC_WARN_UNUSED_VARIABLE = YES;
				IPHONEOS_DEPLOYMENT_TARGET = 16.2;
				MTL_ENABLE_DEBUG_INFO = INCLUDE_SOURCE;
				MTL_FAST_MATH = YES;
				ONLY_ACTIVE_ARCH = YES;
				SDKROOT = iphoneos;
				SWIFT_ACTIVE_COMPILATION_CONDITIONS = DEBUG;
				SWIFT_OPTIMIZATION_LEVEL = "-Onone";
			};
			name = Debug;
		};
		495F0E6D298AF6A900DBCCD7 /* Release */ = {
			isa = XCBuildConfiguration;
			buildSettings = {
				ALWAYS_SEARCH_USER_PATHS = NO;
				CLANG_ANALYZER_NONNULL = YES;
				CLANG_ANALYZER_NUMBER_OBJECT_CONVERSION = YES_AGGRESSIVE;
				CLANG_CXX_LANGUAGE_STANDARD = "gnu++20";
				CLANG_ENABLE_MODULES = YES;
				CLANG_ENABLE_OBJC_ARC = YES;
				CLANG_ENABLE_OBJC_WEAK = YES;
				CLANG_WARN_BLOCK_CAPTURE_AUTORELEASING = YES;
				CLANG_WARN_BOOL_CONVERSION = YES;
				CLANG_WARN_COMMA = YES;
				CLANG_WARN_CONSTANT_CONVERSION = YES;
				CLANG_WARN_DEPRECATED_OBJC_IMPLEMENTATIONS = YES;
				CLANG_WARN_DIRECT_OBJC_ISA_USAGE = YES_ERROR;
				CLANG_WARN_DOCUMENTATION_COMMENTS = YES;
				CLANG_WARN_EMPTY_BODY = YES;
				CLANG_WARN_ENUM_CONVERSION = YES;
				CLANG_WARN_INFINITE_RECURSION = YES;
				CLANG_WARN_INT_CONVERSION = YES;
				CLANG_WARN_NON_LITERAL_NULL_CONVERSION = YES;
				CLANG_WARN_OBJC_IMPLICIT_RETAIN_SELF = YES;
				CLANG_WARN_OBJC_LITERAL_CONVERSION = YES;
				CLANG_WARN_OBJC_ROOT_CLASS = YES_ERROR;
				CLANG_WARN_QUOTED_INCLUDE_IN_FRAMEWORK_HEADER = YES;
				CLANG_WARN_RANGE_LOOP_ANALYSIS = YES;
				CLANG_WARN_STRICT_PROTOTYPES = YES;
				CLANG_WARN_SUSPICIOUS_MOVE = YES;
				CLANG_WARN_UNGUARDED_AVAILABILITY = YES_AGGRESSIVE;
				CLANG_WARN_UNREACHABLE_CODE = YES;
				CLANG_WARN__DUPLICATE_METHOD_MATCH = YES;
				COPY_PHASE_STRIP = NO;
				DEBUG_INFORMATION_FORMAT = "dwarf-with-dsym";
				ENABLE_NS_ASSERTIONS = NO;
				ENABLE_STRICT_OBJC_MSGSEND = YES;
				GCC_C_LANGUAGE_STANDARD = gnu11;
				GCC_NO_COMMON_BLOCKS = YES;
				GCC_WARN_64_TO_32_BIT_CONVERSION = YES;
				GCC_WARN_ABOUT_RETURN_TYPE = YES_ERROR;
				GCC_WARN_UNDECLARED_SELECTOR = YES;
				GCC_WARN_UNINITIALIZED_AUTOS = YES_AGGRESSIVE;
				GCC_WARN_UNUSED_FUNCTION = YES;
				GCC_WARN_UNUSED_VARIABLE = YES;
				IPHONEOS_DEPLOYMENT_TARGET = 16.2;
				MTL_ENABLE_DEBUG_INFO = NO;
				MTL_FAST_MATH = YES;
				SDKROOT = iphoneos;
				SWIFT_COMPILATION_MODE = wholemodule;
				SWIFT_OPTIMIZATION_LEVEL = "-O";
				VALIDATE_PRODUCT = YES;
			};
			name = Release;
		};
		495F0E6F298AF6A900DBCCD7 /* Debug */ = {
			isa = XCBuildConfiguration;
			buildSettings = {
				ASSETCATALOG_COMPILER_APPICON_NAME = AppIcon;
				ASSETCATALOG_COMPILER_GLOBAL_ACCENT_COLOR_NAME = AccentColor;
				CODE_SIGN_STYLE = Automatic;
				CURRENT_PROJECT_VERSION = 1;
				DEVELOPMENT_ASSET_PATHS = "\"KeyValueStore/Preview Content\"";
				ENABLE_PREVIEWS = YES;
				GENERATE_INFOPLIST_FILE = YES;
				INFOPLIST_KEY_UIApplicationSceneManifest_Generation = YES;
				INFOPLIST_KEY_UIApplicationSupportsIndirectInputEvents = YES;
				INFOPLIST_KEY_UILaunchScreen_Generation = YES;
				INFOPLIST_KEY_UISupportedInterfaceOrientations_iPad = "UIInterfaceOrientationPortrait UIInterfaceOrientationPortraitUpsideDown UIInterfaceOrientationLandscapeLeft UIInterfaceOrientationLandscapeRight";
				INFOPLIST_KEY_UISupportedInterfaceOrientations_iPhone = "UIInterfaceOrientationPortrait UIInterfaceOrientationLandscapeLeft UIInterfaceOrientationLandscapeRight";
				LD_RUNPATH_SEARCH_PATHS = (
					"$(inherited)",
					"@executable_path/Frameworks",
				);
				MARKETING_VERSION = 1.0;
				PRODUCT_BUNDLE_IDENTIFIER = com.pablosoftware.trustwallet.KeyValueStore;
				PRODUCT_NAME = "$(TARGET_NAME)";
				SWIFT_EMIT_LOC_STRINGS = YES;
				SWIFT_VERSION = 5.0;
				TARGETED_DEVICE_FAMILY = "1,2";
			};
			name = Debug;
		};
		495F0E70298AF6A900DBCCD7 /* Release */ = {
			isa = XCBuildConfiguration;
			buildSettings = {
				ASSETCATALOG_COMPILER_APPICON_NAME = AppIcon;
				ASSETCATALOG_COMPILER_GLOBAL_ACCENT_COLOR_NAME = AccentColor;
				CODE_SIGN_STYLE = Automatic;
				CURRENT_PROJECT_VERSION = 1;
				DEVELOPMENT_ASSET_PATHS = "\"KeyValueStore/Preview Content\"";
				ENABLE_PREVIEWS = YES;
				GENERATE_INFOPLIST_FILE = YES;
				INFOPLIST_KEY_UIApplicationSceneManifest_Generation = YES;
				INFOPLIST_KEY_UIApplicationSupportsIndirectInputEvents = YES;
				INFOPLIST_KEY_UILaunchScreen_Generation = YES;
				INFOPLIST_KEY_UISupportedInterfaceOrientations_iPad = "UIInterfaceOrientationPortrait UIInterfaceOrientationPortraitUpsideDown UIInterfaceOrientationLandscapeLeft UIInterfaceOrientationLandscapeRight";
				INFOPLIST_KEY_UISupportedInterfaceOrientations_iPhone = "UIInterfaceOrientationPortrait UIInterfaceOrientationLandscapeLeft UIInterfaceOrientationLandscapeRight";
				LD_RUNPATH_SEARCH_PATHS = (
					"$(inherited)",
					"@executable_path/Frameworks",
				);
				MARKETING_VERSION = 1.0;
				PRODUCT_BUNDLE_IDENTIFIER = com.pablosoftware.trustwallet.KeyValueStore;
				PRODUCT_NAME = "$(TARGET_NAME)";
				SWIFT_EMIT_LOC_STRINGS = YES;
				SWIFT_VERSION = 5.0;
				TARGETED_DEVICE_FAMILY = "1,2";
			};
			name = Release;
		};
		495F0E72298AF6A900DBCCD7 /* Debug */ = {
			isa = XCBuildConfiguration;
			buildSettings = {
				ALWAYS_EMBED_SWIFT_STANDARD_LIBRARIES = YES;
				BUNDLE_LOADER = "$(TEST_HOST)";
				CODE_SIGN_STYLE = Automatic;
				CURRENT_PROJECT_VERSION = 1;
				GENERATE_INFOPLIST_FILE = YES;
				IPHONEOS_DEPLOYMENT_TARGET = 16.2;
				MARKETING_VERSION = 1.0;
				PRODUCT_BUNDLE_IDENTIFIER = com.pablosoftware.trustwallet.KeyValueStoreTests;
				PRODUCT_NAME = "$(TARGET_NAME)";
				SWIFT_EMIT_LOC_STRINGS = NO;
				SWIFT_VERSION = 5.0;
				TARGETED_DEVICE_FAMILY = "1,2";
				TEST_HOST = "$(BUILT_PRODUCTS_DIR)/KeyValueStore.app/$(BUNDLE_EXECUTABLE_FOLDER_PATH)/KeyValueStore";
			};
			name = Debug;
		};
		495F0E73298AF6A900DBCCD7 /* Release */ = {
			isa = XCBuildConfiguration;
			buildSettings = {
				ALWAYS_EMBED_SWIFT_STANDARD_LIBRARIES = YES;
				BUNDLE_LOADER = "$(TEST_HOST)";
				CODE_SIGN_STYLE = Automatic;
				CURRENT_PROJECT_VERSION = 1;
				GENERATE_INFOPLIST_FILE = YES;
				IPHONEOS_DEPLOYMENT_TARGET = 16.2;
				MARKETING_VERSION = 1.0;
				PRODUCT_BUNDLE_IDENTIFIER = com.pablosoftware.trustwallet.KeyValueStoreTests;
				PRODUCT_NAME = "$(TARGET_NAME)";
				SWIFT_EMIT_LOC_STRINGS = NO;
				SWIFT_VERSION = 5.0;
				TARGETED_DEVICE_FAMILY = "1,2";
				TEST_HOST = "$(BUILT_PRODUCTS_DIR)/KeyValueStore.app/$(BUNDLE_EXECUTABLE_FOLDER_PATH)/KeyValueStore";
			};
			name = Release;
		};
		495F0E75298AF6A900DBCCD7 /* Debug */ = {
			isa = XCBuildConfiguration;
			buildSettings = {
				ALWAYS_EMBED_SWIFT_STANDARD_LIBRARIES = YES;
				CODE_SIGN_STYLE = Automatic;
				CURRENT_PROJECT_VERSION = 1;
				GENERATE_INFOPLIST_FILE = YES;
				MARKETING_VERSION = 1.0;
				PRODUCT_BUNDLE_IDENTIFIER = com.pablosoftware.trustwallet.KeyValueStoreUITests;
				PRODUCT_NAME = "$(TARGET_NAME)";
				SWIFT_EMIT_LOC_STRINGS = NO;
				SWIFT_VERSION = 5.0;
				TARGETED_DEVICE_FAMILY = "1,2";
				TEST_TARGET_NAME = KeyValueStore;
			};
			name = Debug;
		};
		495F0E76298AF6A900DBCCD7 /* Release */ = {
			isa = XCBuildConfiguration;
			buildSettings = {
				ALWAYS_EMBED_SWIFT_STANDARD_LIBRARIES = YES;
				CODE_SIGN_STYLE = Automatic;
				CURRENT_PROJECT_VERSION = 1;
				GENERATE_INFOPLIST_FILE = YES;
				MARKETING_VERSION = 1.0;
				PRODUCT_BUNDLE_IDENTIFIER = com.pablosoftware.trustwallet.KeyValueStoreUITests;
				PRODUCT_NAME = "$(TARGET_NAME)";
				SWIFT_EMIT_LOC_STRINGS = NO;
				SWIFT_VERSION = 5.0;
				TARGETED_DEVICE_FAMILY = "1,2";
				TEST_TARGET_NAME = KeyValueStore;
			};
			name = Release;
		};
/* End XCBuildConfiguration section */

/* Begin XCConfigurationList section */
		495F0E45298AF6A700DBCCD7 /* Build configuration list for PBXProject "KeyValueStore" */ = {
			isa = XCConfigurationList;
			buildConfigurations = (
				495F0E6C298AF6A900DBCCD7 /* Debug */,
				495F0E6D298AF6A900DBCCD7 /* Release */,
			);
			defaultConfigurationIsVisible = 0;
			defaultConfigurationName = Release;
		};
		495F0E6E298AF6A900DBCCD7 /* Build configuration list for PBXNativeTarget "KeyValueStore" */ = {
			isa = XCConfigurationList;
			buildConfigurations = (
				495F0E6F298AF6A900DBCCD7 /* Debug */,
				495F0E70298AF6A900DBCCD7 /* Release */,
			);
			defaultConfigurationIsVisible = 0;
			defaultConfigurationName = Release;
		};
		495F0E71298AF6A900DBCCD7 /* Build configuration list for PBXNativeTarget "KeyValueStoreTests" */ = {
			isa = XCConfigurationList;
			buildConfigurations = (
				495F0E72298AF6A900DBCCD7 /* Debug */,
				495F0E73298AF6A900DBCCD7 /* Release */,
			);
			defaultConfigurationIsVisible = 0;
			defaultConfigurationName = Release;
		};
		495F0E74298AF6A900DBCCD7 /* Build configuration list for PBXNativeTarget "KeyValueStoreUITests" */ = {
			isa = XCConfigurationList;
			buildConfigurations = (
				495F0E75298AF6A900DBCCD7 /* Debug */,
				495F0E76298AF6A900DBCCD7 /* Release */,
			);
			defaultConfigurationIsVisible = 0;
			defaultConfigurationName = Release;
		};
/* End XCConfigurationList section */
	};
	rootObject = 495F0E42298AF6A700DBCCD7 /* Project object */;
}
